<?xml version="1.0" encoding="utf-8"?>
<Project ToolsVersion="17.0" xmlns="http://schemas.microsoft.com/developer/msbuild/2003">
  <ItemGroup>
    <CustomBuild Include="C:\Users\Лев\source\repos\mp2-lab1-set-master\sln2\CMakeFiles\bdaa226f250278275cc5ce3a32dd4688\generate.stamp.rule">
      <Filter>CMake Rules</Filter>
    </CustomBuild>
  </ItemGroup>
  <ItemGroup>
    <Filter Include="CMake Rules">
      <UniqueIdentifier>{F591F362-92C5-3143-BA1A-E19837D650C0}</UniqueIdentifier>
    </Filter>
  </ItemGroup>
</Project>
