<?xml version="1.0" encoding="utf-8"?>
<Project ToolsVersion="17.0" xmlns="http://schemas.microsoft.com/developer/msbuild/2003">
  <ItemGroup>
    <ClCompile Include="C:\Users\Лев\source\repos\mp2-lab1-set-master\trafficlight_sample\traffic_light_sample.cpp">
      <Filter>Source Files</Filter>
    </ClCompile>
  </ItemGroup>
  <ItemGroup>
    <CustomBuild Include="C:\Users\Лев\source\repos\mp2-lab1-set-master\trafficlight_sample\CMakeLists.txt" />
  </ItemGroup>
  <ItemGroup>
    <Filter Include="Source Files">
      <UniqueIdentifier>{BD9F6B86-3B92-37A0-AB11-8C0CCA63B71A}</UniqueIdentifier>
    </Filter>
  </ItemGroup>
</Project>
